
Microsoft Visual Studio Solution File, Format Version 12.00
# Visual Studio Version 16
VisualStudioVersion = 16.0.31205.134
MinimumVisualStudioVersion = 10.0.40219.1
Project("{FAE04EC0-301F-11D3-BF4B-00C04F79EFBC}") = "Clientes", "Clientes.csproj", "{8AB372EF-565D-4FDA-AE99-CCB03181B8F7}"
EndProject
Global
	GlobalSection(SolutionConfigurationPlatforms) = preSolution
		Debug|Any CPU = Debug|Any CPU
		Release|Any CPU = Release|Any CPU
	EndGlobalSection
	GlobalSection(ProjectConfigurationPlatforms) = postSolution
		{8AB372EF-565D-4FDA-AE99-CCB03181B8F7}.Debug|Any CPU.ActiveCfg = Debug|Any CPU
		{8AB372EF-565D-4FDA-AE99-CCB03181B8F7}.Debug|Any CPU.Build.0 = Debug|Any CPU
		{8AB372EF-565D-4FDA-AE99-CCB03181B8F7}.Release|Any CPU.ActiveCfg = Release|Any CPU
		{8AB372EF-565D-4FDA-AE99-CCB03181B8F7}.Release|Any CPU.Build.0 = Release|Any CPU
	EndGlobalSection
	GlobalSection(SolutionProperties) = preSolution
		HideSolutionNode = FALSE
	EndGlobalSection
	GlobalSection(ExtensibilityGlobals) = postSolution
		SolutionGuid = {2EDBF4D8-7E42-4D06-80C7-0511BAF5AAE8}
	EndGlobalSection
EndGlobal
